
Microsoft Visual Studio Solution File, Format Version 12.00
# Visual Studio Version 17
VisualStudioVersion = 17.5.33530.505
MinimumVisualStudioVersion = 10.0.40219.1
Project("{FAE04EC0-301F-11D3-BF4B-00C04F79EFBC}") = "Ejercicio3EmpleadoFecha", "Ejercicio3EmpleadoFecha\Ejercicio3EmpleadoFecha.csproj", "{A6940E77-C1B3-4BBB-83C8-82166F7DAEC6}"
EndProject
Global
	GlobalSection(SolutionConfigurationPlatforms) = preSolution
		Debug|Any CPU = Debug|Any CPU
		Release|Any CPU = Release|Any CPU
	EndGlobalSection
	GlobalSection(ProjectConfigurationPlatforms) = postSolution
		{A6940E77-C1B3-4BBB-83C8-82166F7DAEC6}.Debug|Any CPU.ActiveCfg = Debug|Any CPU
		{A6940E77-C1B3-4BBB-83C8-82166F7DAEC6}.Debug|Any CPU.Build.0 = Debug|Any CPU
		{A6940E77-C1B3-4BBB-83C8-82166F7DAEC6}.Release|Any CPU.ActiveCfg = Release|Any CPU
		{A6940E77-C1B3-4BBB-83C8-82166F7DAEC6}.Release|Any CPU.Build.0 = Release|Any CPU
	EndGlobalSection
	GlobalSection(SolutionProperties) = preSolution
		HideSolutionNode = FALSE
	EndGlobalSection
	GlobalSection(ExtensibilityGlobals) = postSolution
		SolutionGuid = {10F526A4-17DC-44BF-923B-16D0B27D415F}
	EndGlobalSection
EndGlobal
